{
  "name": "landswar-server",
  "version": "0.0.1",
  "dependencies": {
    "accept": {
      "version": "2.1.3"
    },
    "accepts": {
      "version": "1.3.3"
    },
    "acorn": {
      "version": "5.0.3",
      "dev": true
    },
    "acorn-jsx": {
      "version": "3.0.1",
      "dev": true,
      "dependencies": {
        "acorn": {
          "version": "3.3.0",
          "dev": true
        }
      }
    },
    "after": {
      "version": "0.8.2"
    },
    "ajv": {
      "version": "4.11.7",
      "dev": true
    },
    "ajv-keywords": {
      "version": "1.5.1",
      "dev": true
    },
    "ammo": {
      "version": "2.0.3"
    },
    "ansi-escapes": {
      "version": "1.4.0",
      "dev": true
    },
    "ansi-regex": {
      "version": "2.1.1"
    },
    "ansi-styles": {
      "version": "2.2.1"
    },
    "apidoc": {
      "version": "0.17.5",
      "dev": true
    },
    "apidoc-core": {
      "version": "0.8.2",
      "dev": true
    },
    "argparse": {
      "version": "1.0.9",
      "dev": true
    },
    "arr-diff": {
      "version": "2.0.0"
    },
    "arr-flatten": {
      "version": "1.0.3"
    },
    "array-union": {
      "version": "1.0.2",
      "dev": true
    },
    "array-uniq": {
      "version": "1.0.3",
      "dev": true
    },
    "array-unique": {
      "version": "0.2.1"
    },
    "arraybuffer.slice": {
      "version": "0.0.6"
    },
    "arrify": {
      "version": "1.0.1",
      "dev": true
    },
    "ascallback": {
      "version": "1.1.1"
    },
    "async": {
      "version": "1.0.0"
    },
    "b64": {
      "version": "3.0.2"
    },
    "babel-code-frame": {
      "version": "6.22.0",
      "dev": true
    },
    "babel-runtime": {
      "version": "6.23.0"
    },
    "backo2": {
      "version": "1.0.2"
    },
    "balanced-match": {
      "version": "0.4.2",
      "dev": true
    },
    "base64-arraybuffer": {
      "version": "0.1.5"
    },
    "base64id": {
      "version": "1.0.0"
    },
    "base64url": {
      "version": "2.0.0"
    },
    "better-assert": {
      "version": "1.0.2"
    },
    "bignumber.js": {
      "version": "3.1.2"
    },
    "blob": {
      "version": "0.0.4"
    },
    "bluebird": {
      "version": "3.5.0"
    },
    "bookshelf": {
      "version": "0.10.3"
    },
    "boom": {
      "version": "4.3.1"
    },
    "brace-expansion": {
      "version": "1.1.7",
      "dev": true
    },
    "braces": {
      "version": "1.8.5"
    },
    "buffer-equal-constant-time": {
      "version": "1.0.1"
    },
    "buffer-shims": {
      "version": "1.0.0"
    },
    "builtin-modules": {
      "version": "1.1.1",
      "dev": true
    },
    "call": {
      "version": "4.0.1"
    },
    "caller-path": {
      "version": "0.1.0",
      "dev": true
    },
    "callsite": {
      "version": "1.0.0"
    },
    "callsites": {
      "version": "0.2.0",
      "dev": true
    },
    "camelcase": {
      "version": "4.1.0"
    },
    "camelcase-keys": {
      "version": "4.1.0"
    },
    "catbox": {
      "version": "7.1.3"
    },
    "catbox-memory": {
      "version": "2.0.4"
    },
    "chalk": {
      "version": "1.1.3"
    },
    "circular-json": {
      "version": "0.3.1",
      "dev": true
    },
    "cli-cursor": {
      "version": "1.0.2",
      "dev": true
    },
    "cli-width": {
      "version": "2.1.0",
      "dev": true
    },
    "cluster-key-slot": {
      "version": "1.0.8"
    },
    "co": {
      "version": "4.6.0",
      "dev": true
    },
    "code-point-at": {
      "version": "1.1.0",
      "dev": true
    },
    "colors": {
      "version": "1.1.2"
    },
    "commander": {
      "version": "2.9.0"
    },
    "component-bind": {
      "version": "1.0.0"
    },
    "component-emitter": {
      "version": "1.2.1"
    },
    "component-inherit": {
      "version": "0.0.3"
    },
    "concat-map": {
      "version": "0.0.1",
      "dev": true
    },
    "concat-stream": {
      "version": "1.6.0",
      "dev": true,
      "dependencies": {
        "readable-stream": {
          "version": "2.2.9",
          "dev": true
        },
        "string_decoder": {
          "version": "1.0.0",
          "dev": true
        }
      }
    },
    "contains-path": {
      "version": "0.1.0",
      "dev": true
    },
    "content": {
      "version": "3.0.3"
    },
    "cookie": {
      "version": "0.3.1"
    },
    "core-js": {
      "version": "2.4.1"
    },
    "core-util-is": {
      "version": "1.0.2"
    },
    "create-error": {
      "version": "0.3.1"
    },
    "cryptiles": {
      "version": "3.1.1"
    },
    "cycle": {
      "version": "1.0.3"
    },
    "d": {
      "version": "1.0.0",
      "dev": true
    },
    "debug": {
      "version": "2.3.3"
    },
    "deep-is": {
      "version": "0.1.3",
      "dev": true
    },
    "del": {
      "version": "2.2.2",
      "dev": true
    },
    "detect-file": {
      "version": "0.1.0"
    },
    "doctrine": {
      "version": "2.0.0",
      "dev": true
    },
    "double-ended-queue": {
      "version": "2.1.0-0"
    },
    "duplexify": {
      "version": "3.5.0",
      "dependencies": {
        "readable-stream": {
          "version": "2.2.9"
        },
        "string_decoder": {
          "version": "1.0.0"
        }
      }
    },
    "ecdsa-sig-formatter": {
      "version": "1.0.9"
    },
    "end-of-stream": {
      "version": "1.0.0",
      "dependencies": {
        "once": {
          "version": "1.3.3"
        }
      }
    },
    "engine.io": {
      "version": "1.8.3"
    },
    "engine.io-client": {
      "version": "1.8.3"
    },
    "engine.io-parser": {
      "version": "1.3.2"
    },
    "entities": {
      "version": "1.1.1",
      "dev": true
    },
    "es5-ext": {
      "version": "0.10.15",
      "dev": true
    },
    "es6-iterator": {
      "version": "2.0.1",
      "dev": true
    },
    "es6-map": {
      "version": "0.1.5",
      "dev": true
    },
    "es6-set": {
      "version": "0.1.5",
      "dev": true
    },
    "es6-symbol": {
      "version": "3.1.1",
      "dev": true
    },
    "es6-weak-map": {
      "version": "2.0.2",
      "dev": true
    },
    "escape-string-regexp": {
      "version": "1.0.5"
    },
    "escope": {
      "version": "3.6.0",
      "dev": true
    },
    "eslint": {
      "version": "3.19.0",
      "dev": true,
      "dependencies": {
        "user-home": {
          "version": "2.0.0",
          "dev": true
        }
      }
    },
    "eslint-config-airbnb-base": {
      "version": "11.1.3",
      "dev": true
    },
    "eslint-config-lludol": {
      "version": "0.1.6",
      "dev": true
    },
    "eslint-import-resolver-node": {
      "version": "0.2.3",
      "dev": true
    },
    "eslint-module-utils": {
      "version": "2.0.0",
      "dev": true,
      "dependencies": {
        "debug": {
          "version": "2.2.0",
          "dev": true
        },
        "ms": {
          "version": "0.7.1",
          "dev": true
        }
      }
    },
    "eslint-plugin-import": {
      "version": "2.2.0",
      "dev": true,
      "dependencies": {
        "doctrine": {
          "version": "1.5.0",
          "dev": true
        }
      }
    },
    "espree": {
      "version": "3.4.2",
      "dev": true
    },
    "esprima": {
      "version": "3.1.3",
      "dev": true
    },
    "esquery": {
      "version": "1.0.0",
      "dev": true
    },
    "esrecurse": {
      "version": "4.1.0",
      "dev": true,
      "dependencies": {
        "estraverse": {
          "version": "4.1.1",
          "dev": true
        }
      }
    },
    "estraverse": {
      "version": "4.2.0",
      "dev": true
    },
    "esutils": {
      "version": "2.0.2",
      "dev": true
    },
    "event-emitter": {
      "version": "0.3.5",
      "dev": true
    },
    "exit-hook": {
      "version": "1.1.1",
      "dev": true
    },
    "expand-brackets": {
      "version": "0.1.5"
    },
    "expand-range": {
      "version": "1.8.2"
    },
    "expand-tilde": {
      "version": "1.2.2"
    },
    "extend": {
      "version": "3.0.0"
    },
    "extglob": {
      "version": "0.3.2"
    },
    "eyes": {
      "version": "0.1.8"
    },
    "fast-levenshtein": {
      "version": "2.0.6",
      "dev": true
    },
    "figures": {
      "version": "1.7.0",
      "dev": true
    },
    "file-entry-cache": {
      "version": "2.0.0",
      "dev": true
    },
    "filename-regex": {
      "version": "2.0.0"
    },
    "fill-range": {
      "version": "2.2.3"
    },
    "find-up": {
      "version": "1.1.2",
      "dev": true
    },
    "findup-sync": {
      "version": "0.4.3"
    },
    "flagged-respawn": {
      "version": "0.3.2"
    },
    "flat-cache": {
      "version": "1.2.2",
      "dev": true
    },
    "flexbuffer": {
      "version": "0.0.6"
    },
    "for-in": {
      "version": "1.0.2"
    },
    "for-own": {
      "version": "0.1.5"
    },
    "fs-exists-sync": {
      "version": "0.1.0"
    },
    "fs-extra": {
      "version": "2.0.0",
      "dev": true
    },
    "fs.realpath": {
      "version": "1.0.0",
      "dev": true
    },
    "function-bind": {
      "version": "1.1.0",
      "dev": true
    },
    "generate-function": {
      "version": "2.0.0",
      "dev": true
    },
    "generate-object-property": {
      "version": "1.2.0",
      "dev": true
    },
    "generic-pool": {
      "version": "2.5.4"
    },
    "glob": {
      "version": "7.1.1",
      "dev": true
    },
    "glob-base": {
      "version": "0.3.0"
    },
    "glob-parent": {
      "version": "2.0.0"
    },
    "global-modules": {
      "version": "0.2.3"
    },
    "global-prefix": {
      "version": "0.1.5"
    },
    "globals": {
      "version": "9.17.0",
      "dev": true
    },
    "globby": {
      "version": "5.0.0",
      "dev": true
    },
    "glue": {
      "version": "4.1.0"
    },
    "good": {
      "version": "7.1.0"
    },
    "graceful-fs": {
      "version": "4.1.11",
      "dev": true
    },
    "graceful-readlink": {
      "version": "1.0.1"
    },
    "hapi": {
      "version": "16.1.1"
    },
    "hapi-cors-headers": {
      "version": "1.0.0"
    },
    "hapi-good-winston": {
      "version": "1.1.1"
    },
    "hapi-ioredis": {
      "version": "2.3.0"
    },
    "hapio": {
      "version": "1.4.0"
    },
    "has": {
      "version": "1.0.1",
      "dev": true
    },
    "has-ansi": {
      "version": "2.0.0"
    },
    "has-binary": {
      "version": "0.1.7",
      "dependencies": {
        "isarray": {
          "version": "0.0.1"
        }
      }
    },
    "has-color": {
      "version": "0.1.7",
      "dev": true
    },
    "has-cors": {
      "version": "1.1.0"
    },
    "heavy": {
      "version": "4.0.3"
    },
    "hoek": {
      "version": "4.1.1"
    },
    "homedir-polyfill": {
      "version": "1.0.1"
    },
    "iconv-lite": {
      "version": "0.4.15",
      "dev": true
    },
    "ignore": {
      "version": "3.2.7",
      "dev": true
    },
    "imurmurhash": {
      "version": "0.1.4",
      "dev": true
    },
    "indexof": {
      "version": "0.0.1"
    },
    "inflection": {
      "version": "1.12.0"
    },
    "inflight": {
      "version": "1.0.6",
      "dev": true
    },
    "inherits": {
      "version": "2.0.3"
    },
    "ini": {
      "version": "1.3.4"
    },
    "inquirer": {
      "version": "0.12.0",
      "dev": true
    },
    "interpret": {
      "version": "0.6.6"
    },
    "ioredis": {
      "version": "2.5.0"
    },
    "iron": {
      "version": "4.0.4"
    },
    "is-buffer": {
      "version": "1.1.5"
    },
    "is-dotfile": {
      "version": "1.0.2"
    },
    "is-equal-shallow": {
      "version": "0.1.3"
    },
    "is-extendable": {
      "version": "0.1.1"
    },
    "is-extglob": {
      "version": "1.0.0"
    },
    "is-fullwidth-code-point": {
      "version": "1.0.0",
      "dev": true
    },
    "is-glob": {
      "version": "2.0.1"
    },
    "is-my-json-valid": {
      "version": "2.16.0",
      "dev": true
    },
    "is-number": {
      "version": "2.1.0"
    },
    "is-path-cwd": {
      "version": "1.0.0",
      "dev": true
    },
    "is-path-in-cwd": {
      "version": "1.0.0",
      "dev": true
    },
    "is-path-inside": {
      "version": "1.0.0",
      "dev": true
    },
    "is-posix-bracket": {
      "version": "0.1.1"
    },
    "is-primitive": {
      "version": "2.0.0"
    },
    "is-promise": {
      "version": "2.1.0"
    },
    "is-property": {
      "version": "1.0.2",
      "dev": true
    },
    "is-resolvable": {
      "version": "1.0.0",
      "dev": true
    },
    "is-windows": {
      "version": "0.2.0"
    },
    "isarray": {
      "version": "1.0.0"
    },
    "isemail": {
      "version": "2.2.1"
    },
    "isexe": {
      "version": "2.0.0"
    },
    "isobject": {
      "version": "2.1.0"
    },
    "isstream": {
      "version": "0.1.2"
    },
    "items": {
      "version": "2.1.1"
    },
    "joi": {
      "version": "10.4.1"
    },
    "js-tokens": {
      "version": "3.0.1",
      "dev": true
    },
    "js-yaml": {
      "version": "3.8.3",
      "dev": true
    },
    "json-stable-stringify": {
      "version": "1.0.1",
      "dev": true
    },
    "json-stringify-safe": {
      "version": "5.0.1"
    },
    "json3": {
      "version": "3.3.2"
    },
    "jsonfile": {
      "version": "2.4.0",
      "dev": true
    },
    "jsonify": {
      "version": "0.0.0",
      "dev": true
    },
    "jsonpointer": {
      "version": "4.0.1",
      "dev": true
    },
    "jsonwebtoken": {
      "version": "7.3.0",
      "dependencies": {
        "hoek": {
          "version": "2.16.3"
        },
        "isemail": {
          "version": "1.2.0"
        },
        "joi": {
          "version": "6.10.1"
        },
        "ms": {
          "version": "0.7.3"
        },
        "topo": {
          "version": "1.1.0"
        }
      }
    },
    "jwa": {
      "version": "1.1.5"
    },
    "jws": {
      "version": "3.1.4"
    },
    "kind-of": {
      "version": "3.1.0"
    },
    "klaw-sync": {
      "version": "1.1.2",
      "dev": true
    },
    "knex": {
      "version": "0.12.9"
    },
    "levn": {
      "version": "0.3.0",
      "dev": true
    },
    "liftoff": {
      "version": "2.2.5"
    },
    "linkify-it": {
      "version": "2.0.3",
      "dev": true
    },
    "lodash": {
      "version": "4.17.4"
    },
    "lodash.cond": {
      "version": "4.5.2",
      "dev": true
    },
    "lodash.once": {
      "version": "4.1.1"
    },
    "map-obj": {
      "version": "2.0.0"
    },
    "markdown-it": {
      "version": "8.3.1",
      "dev": true
    },
    "mdurl": {
      "version": "1.0.1",
      "dev": true
    },
    "micromatch": {
      "version": "2.3.11"
    },
    "mime-db": {
      "version": "1.27.0"
    },
    "mime-types": {
      "version": "2.1.15"
    },
    "mimos": {
      "version": "3.0.3"
    },
    "minimatch": {
      "version": "3.0.3",
      "dev": true
    },
    "minimist": {
      "version": "1.1.3"
    },
    "mkdirp": {
      "version": "0.5.1",
      "dependencies": {
        "minimist": {
          "version": "0.0.8"
        }
      }
    },
    "moment": {
      "version": "2.18.1"
    },
    "ms": {
      "version": "0.7.2"
    },
    "mute-stream": {
      "version": "0.0.5",
      "dev": true
    },
    "mysql": {
      "version": "2.13.0"
    },
    "natural-compare": {
      "version": "1.4.0",
      "dev": true
    },
    "negotiator": {
      "version": "0.6.1"
    },
    "nigel": {
      "version": "2.0.2"
    },
    "nomnom": {
      "version": "1.8.1",
      "dev": true,
      "dependencies": {
        "ansi-styles": {
          "version": "1.0.0",
          "dev": true
        },
        "chalk": {
          "version": "0.4.0",
          "dev": true
        },
        "strip-ansi": {
          "version": "0.1.1",
          "dev": true
        },
        "underscore": {
          "version": "1.6.0",
          "dev": true
        }
      }
    },
    "normalize-path": {
      "version": "2.1.1"
    },
    "number-is-nan": {
      "version": "1.0.1",
      "dev": true
    },
    "object-assign": {
      "version": "4.1.0"
    },
    "object-component": {
      "version": "0.0.3"
    },
    "object.omit": {
      "version": "2.0.1"
    },
    "once": {
      "version": "1.4.0"
    },
    "onetime": {
      "version": "1.1.0",
      "dev": true
    },
    "oppsy": {
      "version": "1.0.2"
    },
    "optionator": {
      "version": "0.8.2",
      "dev": true
    },
    "options": {
      "version": "0.0.6"
    },
    "os-homedir": {
      "version": "1.0.2"
    },
    "parse-glob": {
      "version": "3.0.4"
    },
    "parse-passwd": {
      "version": "1.0.0"
    },
    "parsejson": {
      "version": "0.0.3"
    },
    "parseqs": {
      "version": "0.0.5"
    },
    "parseuri": {
      "version": "0.0.5"
    },
    "path-exists": {
      "version": "2.1.0",
      "dev": true
    },
    "path-is-absolute": {
      "version": "1.0.1",
      "dev": true
    },
    "path-is-inside": {
      "version": "1.0.2",
      "dev": true
    },
    "path-parse": {
      "version": "1.0.5"
    },
    "pez": {
      "version": "2.1.4"
    },
    "pg-connection-string": {
      "version": "0.1.3"
    },
    "pify": {
      "version": "2.3.0",
      "dev": true
    },
    "pinkie": {
      "version": "2.0.4",
      "dev": true
    },
    "pinkie-promise": {
      "version": "2.0.1",
      "dev": true
    },
    "pkg-dir": {
      "version": "1.0.0",
      "dev": true
    },
    "pkg-up": {
      "version": "1.0.0",
      "dev": true
    },
    "pluralize": {
      "version": "1.2.1",
      "dev": true
    },
    "podium": {
      "version": "1.2.5"
    },
    "prelude-ls": {
      "version": "1.1.2",
      "dev": true
    },
    "preserve": {
      "version": "0.2.0"
    },
    "process-nextick-args": {
      "version": "1.0.7"
    },
    "progress": {
      "version": "1.1.8",
      "dev": true
    },
    "pump": {
      "version": "1.0.2",
      "dependencies": {
        "end-of-stream": {
          "version": "1.4.0"
        }
      }
    },
    "pumpify": {
      "version": "1.3.5"
    },
    "quick-lru": {
      "version": "1.0.0"
    },
    "randomatic": {
      "version": "1.1.6"
    },
    "readable-stream": {
      "version": "1.1.14",
      "dependencies": {
        "isarray": {
          "version": "0.0.1"
        }
      }
    },
    "readline2": {
      "version": "1.0.1",
      "dev": true
    },
    "rechoir": {
      "version": "0.6.2"
    },
    "redis-commands": {
      "version": "1.3.1"
    },
    "redis-parser": {
      "version": "1.3.0"
    },
    "regenerator-runtime": {
      "version": "0.10.3"
    },
    "regex-cache": {
      "version": "0.4.3"
    },
    "remove-trailing-separator": {
      "version": "1.0.1"
    },
    "repeat-element": {
      "version": "1.1.2"
    },
    "repeat-string": {
      "version": "1.6.1"
    },
    "require-uncached": {
      "version": "1.0.3",
      "dev": true
    },
    "resolve": {
      "version": "1.3.3"
    },
    "resolve-dir": {
      "version": "0.1.1"
    },
    "resolve-from": {
      "version": "1.0.1",
      "dev": true
    },
    "restore-cursor": {
      "version": "1.0.1",
      "dev": true
    },
    "rimraf": {
      "version": "2.6.1",
      "dev": true
    },
    "run-async": {
      "version": "0.1.0",
      "dev": true
    },
    "rx-lite": {
      "version": "3.1.2",
      "dev": true
    },
    "safe-buffer": {
      "version": "5.0.1"
    },
    "semver": {
      "version": "5.3.0",
      "dev": true
    },
    "shelljs": {
      "version": "0.7.7",
      "dev": true,
      "dependencies": {
        "interpret": {
          "version": "1.0.3",
          "dev": true
        }
      }
    },
    "shortid": {
      "version": "2.2.8"
    },
    "shot": {
      "version": "3.4.0"
    },
    "slice-ansi": {
      "version": "0.0.4",
      "dev": true
    },
    "socket.io": {
      "version": "1.7.3"
    },
    "socket.io-adapter": {
      "version": "0.5.0"
    },
    "socket.io-as-promised": {
      "version": "1.0.0"
    },
    "socket.io-client": {
      "version": "1.7.3"
    },
    "socket.io-parser": {
      "version": "2.3.1",
      "dependencies": {
        "component-emitter": {
          "version": "1.1.2"
        },
        "debug": {
          "version": "2.2.0"
        },
        "isarray": {
          "version": "0.0.1"
        },
        "ms": {
          "version": "0.7.1"
        }
      }
    },
    "sprintf-js": {
      "version": "1.0.3",
      "dev": true
    },
    "sqlstring": {
      "version": "2.2.0"
    },
    "stack-trace": {
      "version": "0.0.9"
    },
    "statehood": {
      "version": "5.0.1"
    },
    "stream-shift": {
      "version": "1.0.0"
    },
    "string_decoder": {
      "version": "0.10.31"
    },
    "string-width": {
      "version": "1.0.2",
      "dev": true
    },
    "strip-ansi": {
      "version": "3.0.1"
    },
    "strip-bom": {
      "version": "3.0.0",
      "dev": true
    },
    "strip-json-comments": {
      "version": "2.0.1",
      "dev": true
    },
    "subtext": {
      "version": "4.4.0"
    },
    "supports-color": {
      "version": "2.0.0"
    },
    "table": {
      "version": "3.8.3",
      "dev": true,
      "dependencies": {
        "is-fullwidth-code-point": {
          "version": "2.0.0",
          "dev": true
        },
        "string-width": {
          "version": "2.0.0",
          "dev": true
        }
      }
    },
    "text-table": {
      "version": "0.2.0",
      "dev": true
    },
    "through": {
      "version": "2.3.8",
      "dev": true
    },
    "tildify": {
      "version": "1.0.0"
    },
    "to-array": {
      "version": "0.1.4"
    },
    "topo": {
      "version": "2.0.2"
    },
    "tryit": {
      "version": "1.0.3",
      "dev": true
    },
    "type-check": {
      "version": "0.3.2",
      "dev": true
    },
    "typedarray": {
      "version": "0.0.6",
      "dev": true
    },
    "uc.micro": {
      "version": "1.0.3",
      "dev": true
    },
    "ultron": {
      "version": "1.0.2"
    },
    "underscore": {
      "version": "1.8.3"
    },
    "user-home": {
      "version": "1.1.1"
    },
    "util-deprecate": {
      "version": "1.0.2"
    },
    "uuid": {
      "version": "3.0.1"
    },
    "v8flags": {
      "version": "2.1.1"
    },
    "vise": {
      "version": "2.0.2"
    },
    "which": {
      "version": "1.2.14"
    },
    "winston": {
      "version": "2.3.1",
      "dependencies": {
        "colors": {
          "version": "1.0.3"
        }
      }
    },
    "winston-lludol": {
      "version": "0.0.5"
    },
    "wordwrap": {
      "version": "1.0.0",
      "dev": true
    },
    "wrappy": {
      "version": "1.0.2"
    },
    "wreck": {
      "version": "10.0.0"
    },
    "write": {
      "version": "0.2.1",
      "dev": true
    },
    "ws": {
      "version": "1.1.2"
    },
    "wtf-8": {
      "version": "1.0.0"
    },
    "xmlhttprequest-ssl": {
      "version": "1.5.3"
    },
    "xtend": {
      "version": "4.0.1"
    },
    "yeast": {
      "version": "0.1.2"
    }
  }
}
